
Microsoft Visual Studio Solution File, Format Version 12.00
# Visual Studio 15
VisualStudioVersion = 15.0.27130.2003
MinimumVisualStudioVersion = 10.0.40219.1
Project("{FAE04EC0-301F-11D3-BF4B-00C04F79EFBC}") = "App7.Android", "App7\App7.Android\App7.Android.csproj", "{9E175754-CCC5-4E06-A66E-733E3CF77940}"
EndProject
Project("{FAE04EC0-301F-11D3-BF4B-00C04F79EFBC}") = "App7.iOS", "App7\App7.iOS\App7.iOS.csproj", "{D9409820-00E9-467B-BD7C-3252AEEF8E15}"
EndProject
Project("{FAE04EC0-301F-11D3-BF4B-00C04F79EFBC}") = "App7", "App7\App7\App7.csproj", "{22BF5962-B44D-4B4E-955E-29D5A2FD4739}"
EndProject
Global
	GlobalSection(SolutionConfigurationPlatforms) = preSolution
		Ad-Hoc|Any CPU = Ad-Hoc|Any CPU
		Ad-Hoc|iPhone = Ad-Hoc|iPhone
		Ad-Hoc|iPhoneSimulator = Ad-Hoc|iPhoneSimulator
		AppStore|Any CPU = AppStore|Any CPU
		AppStore|iPhone = AppStore|iPhone
		AppStore|iPhoneSimulator = AppStore|iPhoneSimulator
		Debug|Any CPU = Debug|Any CPU
		Debug|iPhone = Debug|iPhone
		Debug|iPhoneSimulator = Debug|iPhoneSimulator
		Release|Any CPU = Release|Any CPU
		Release|iPhone = Release|iPhone
		Release|iPhoneSimulator = Release|iPhoneSimulator
	EndGlobalSection
	GlobalSection(ProjectConfigurationPlatforms) = postSolution
		{9E175754-CCC5-4E06-A66E-733E3CF77940}.Ad-Hoc|Any CPU.ActiveCfg = Release|Any CPU
		{9E175754-CCC5-4E06-A66E-733E3CF77940}.Ad-Hoc|Any CPU.Build.0 = Release|Any CPU
		{9E175754-CCC5-4E06-A66E-733E3CF77940}.Ad-Hoc|Any CPU.Deploy.0 = Release|Any CPU
		{9E175754-CCC5-4E06-A66E-733E3CF77940}.Ad-Hoc|iPhone.ActiveCfg = Release|Any CPU
		{9E175754-CCC5-4E06-A66E-733E3CF77940}.Ad-Hoc|iPhone.Build.0 = Release|Any CPU
		{9E175754-CCC5-4E06-A66E-733E3CF77940}.Ad-Hoc|iPhone.Deploy.0 = Release|Any CPU
		{9E175754-CCC5-4E06-A66E-733E3CF77940}.Ad-Hoc|iPhoneSimulator.ActiveCfg = Release|Any CPU
		{9E175754-CCC5-4E06-A66E-733E3CF77940}.Ad-Hoc|iPhoneSimulator.Build.0 = Release|Any CPU
		{9E175754-CCC5-4E06-A66E-733E3CF77940}.Ad-Hoc|iPhoneSimulator.Deploy.0 = Release|Any CPU
		{9E175754-CCC5-4E06-A66E-733E3CF77940}.AppStore|Any CPU.ActiveCfg = Release|Any CPU
		{9E175754-CCC5-4E06-A66E-733E3CF77940}.AppStore|Any CPU.Build.0 = Release|Any CPU
		{9E175754-CCC5-4E06-A66E-733E3CF77940}.AppStore|Any CPU.Deploy.0 = Release|Any CPU
		{9E175754-CCC5-4E06-A66E-733E3CF77940}.AppStore|iPhone.ActiveCfg = Release|Any CPU
		{9E175754-CCC5-4E06-A66E-733E3CF77940}.AppStore|iPhone.Build.0 = Release|Any CPU
		{9E175754-CCC5-4E06-A66E-733E3CF77940}.AppStore|iPhone.Deploy.0 = Release|Any CPU
		{9E175754-CCC5-4E06-A66E-733E3CF77940}.AppStore|iPhoneSimulator.ActiveCfg = Release|Any CPU
		{9E175754-CCC5-4E06-A66E-733E3CF77940}.AppStore|iPhoneSimulator.Build.0 = Release|Any CPU
		{9E175754-CCC5-4E06-A66E-733E3CF77940}.AppStore|iPhoneSimulator.Deploy.0 = Release|Any CPU
		{9E175754-CCC5-4E06-A66E-733E3CF77940}.Debug|Any CPU.ActiveCfg = Debug|Any CPU
		{9E175754-CCC5-4E06-A66E-733E3CF77940}.Debug|Any CPU.Build.0 = Debug|Any CPU
		{9E175754-CCC5-4E06-A66E-733E3CF77940}.Debug|Any CPU.Deploy.0 = Debug|Any CPU
		{9E175754-CCC5-4E06-A66E-733E3CF77940}.Debug|iPhone.ActiveCfg = Debug|Any CPU
		{9E175754-CCC5-4E06-A66E-733E3CF77940}.Debug|iPhone.Build.0 = Debug|Any CPU
		{9E175754-CCC5-4E06-A66E-733E3CF77940}.Debug|iPhone.Deploy.0 = Debug|Any CPU
		{9E175754-CCC5-4E06-A66E-733E3CF77940}.Debug|iPhoneSimulator.ActiveCfg = Debug|Any CPU
		{9E175754-CCC5-4E06-A66E-733E3CF77940}.Debug|iPhoneSimulator.Build.0 = Debug|Any CPU
		{9E175754-CCC5-4E06-A66E-733E3CF77940}.Debug|iPhoneSimulator.Deploy.0 = Debug|Any CPU
		{9E175754-CCC5-4E06-A66E-733E3CF77940}.Release|Any CPU.ActiveCfg = Release|Any CPU
		{9E175754-CCC5-4E06-A66E-733E3CF77940}.Release|Any CPU.Build.0 = Release|Any CPU
		{9E175754-CCC5-4E06-A66E-733E3CF77940}.Release|Any CPU.Deploy.0 = Release|Any CPU
		{9E175754-CCC5-4E06-A66E-733E3CF77940}.Release|iPhone.ActiveCfg = Release|Any CPU
		{9E175754-CCC5-4E06-A66E-733E3CF77940}.Release|iPhone.Build.0 = Release|Any CPU
		{9E175754-CCC5-4E06-A66E-733E3CF77940}.Release|iPhone.Deploy.0 = Release|Any CPU
		{9E175754-CCC5-4E06-A66E-733E3CF77940}.Release|iPhoneSimulator.ActiveCfg = Release|Any CPU
		{9E175754-CCC5-4E06-A66E-733E3CF77940}.Release|iPhoneSimulator.Build.0 = Release|Any CPU
		{9E175754-CCC5-4E06-A66E-733E3CF77940}.Release|iPhoneSimulator.Deploy.0 = Release|Any CPU
		{D9409820-00E9-467B-BD7C-3252AEEF8E15}.Ad-Hoc|Any CPU.ActiveCfg = Ad-Hoc|iPhone
		{D9409820-00E9-467B-BD7C-3252AEEF8E15}.Ad-Hoc|iPhone.ActiveCfg = Ad-Hoc|iPhone
		{D9409820-00E9-467B-BD7C-3252AEEF8E15}.Ad-Hoc|iPhone.Build.0 = Ad-Hoc|iPhone
		{D9409820-00E9-467B-BD7C-3252AEEF8E15}.Ad-Hoc|iPhoneSimulator.ActiveCfg = Ad-Hoc|iPhoneSimulator
		{D9409820-00E9-467B-BD7C-3252AEEF8E15}.Ad-Hoc|iPhoneSimulator.Build.0 = Ad-Hoc|iPhoneSimulator
		{D9409820-00E9-467B-BD7C-3252AEEF8E15}.AppStore|Any CPU.ActiveCfg = AppStore|iPhone
		{D9409820-00E9-467B-BD7C-3252AEEF8E15}.AppStore|iPhone.ActiveCfg = AppStore|iPhone
		{D9409820-00E9-467B-BD7C-3252AEEF8E15}.AppStore|iPhone.Build.0 = AppStore|iPhone
		{D9409820-00E9-467B-BD7C-3252AEEF8E15}.AppStore|iPhoneSimulator.ActiveCfg = AppStore|iPhoneSimulator
		{D9409820-00E9-467B-BD7C-3252AEEF8E15}.AppStore|iPhoneSimulator.Build.0 = AppStore|iPhoneSimulator
		{D9409820-00E9-467B-BD7C-3252AEEF8E15}.Debug|Any CPU.ActiveCfg = Debug|iPhone
		{D9409820-00E9-467B-BD7C-3252AEEF8E15}.Debug|iPhone.ActiveCfg = Debug|iPhone
		{D9409820-00E9-467B-BD7C-3252AEEF8E15}.Debug|iPhone.Build.0 = Debug|iPhone
		{D9409820-00E9-467B-BD7C-3252AEEF8E15}.Debug|iPhoneSimulator.ActiveCfg = Debug|iPhoneSimulator
		{D9409820-00E9-467B-BD7C-3252AEEF8E15}.Debug|iPhoneSimulator.Build.0 = Debug|iPhoneSimulator
		{D9409820-00E9-467B-BD7C-3252AEEF8E15}.Release|Any CPU.ActiveCfg = Release|iPhone
		{D9409820-00E9-467B-BD7C-3252AEEF8E15}.Release|iPhone.ActiveCfg = Release|iPhone
		{D9409820-00E9-467B-BD7C-3252AEEF8E15}.Release|iPhone.Build.0 = Release|iPhone
		{D9409820-00E9-467B-BD7C-3252AEEF8E15}.Release|iPhoneSimulator.ActiveCfg = Release|iPhoneSimulator
		{D9409820-00E9-467B-BD7C-3252AEEF8E15}.Release|iPhoneSimulator.Build.0 = Release|iPhoneSimulator
		{22BF5962-B44D-4B4E-955E-29D5A2FD4739}.Ad-Hoc|Any CPU.ActiveCfg = Debug|Any CPU
		{22BF5962-B44D-4B4E-955E-29D5A2FD4739}.Ad-Hoc|Any CPU.Build.0 = Debug|Any CPU
		{22BF5962-B44D-4B4E-955E-29D5A2FD4739}.Ad-Hoc|iPhone.ActiveCfg = Debug|Any CPU
		{22BF5962-B44D-4B4E-955E-29D5A2FD4739}.Ad-Hoc|iPhone.Build.0 = Debug|Any CPU
		{22BF5962-B44D-4B4E-955E-29D5A2FD4739}.Ad-Hoc|iPhoneSimulator.ActiveCfg = Debug|Any CPU
		{22BF5962-B44D-4B4E-955E-29D5A2FD4739}.Ad-Hoc|iPhoneSimulator.Build.0 = Debug|Any CPU
		{22BF5962-B44D-4B4E-955E-29D5A2FD4739}.AppStore|Any CPU.ActiveCfg = Debug|Any CPU
		{22BF5962-B44D-4B4E-955E-29D5A2FD4739}.AppStore|Any CPU.Build.0 = Debug|Any CPU
		{22BF5962-B44D-4B4E-955E-29D5A2FD4739}.AppStore|iPhone.ActiveCfg = Debug|Any CPU
		{22BF5962-B44D-4B4E-955E-29D5A2FD4739}.AppStore|iPhone.Build.0 = Debug|Any CPU
		{22BF5962-B44D-4B4E-955E-29D5A2FD4739}.AppStore|iPhoneSimulator.ActiveCfg = Debug|Any CPU
		{22BF5962-B44D-4B4E-955E-29D5A2FD4739}.AppStore|iPhoneSimulator.Build.0 = Debug|Any CPU
		{22BF5962-B44D-4B4E-955E-29D5A2FD4739}.Debug|Any CPU.ActiveCfg = Debug|Any CPU
		{22BF5962-B44D-4B4E-955E-29D5A2FD4739}.Debug|Any CPU.Build.0 = Debug|Any CPU
		{22BF5962-B44D-4B4E-955E-29D5A2FD4739}.Debug|iPhone.ActiveCfg = Debug|Any CPU
		{22BF5962-B44D-4B4E-955E-29D5A2FD4739}.Debug|iPhone.Build.0 = Debug|Any CPU
		{22BF5962-B44D-4B4E-955E-29D5A2FD4739}.Debug|iPhoneSimulator.ActiveCfg = Debug|Any CPU
		{22BF5962-B44D-4B4E-955E-29D5A2FD4739}.Debug|iPhoneSimulator.Build.0 = Debug|Any CPU
		{22BF5962-B44D-4B4E-955E-29D5A2FD4739}.Release|Any CPU.ActiveCfg = Release|Any CPU
		{22BF5962-B44D-4B4E-955E-29D5A2FD4739}.Release|Any CPU.Build.0 = Release|Any CPU
		{22BF5962-B44D-4B4E-955E-29D5A2FD4739}.Release|iPhone.ActiveCfg = Release|Any CPU
		{22BF5962-B44D-4B4E-955E-29D5A2FD4739}.Release|iPhone.Build.0 = Release|Any CPU
		{22BF5962-B44D-4B4E-955E-29D5A2FD4739}.Release|iPhoneSimulator.ActiveCfg = Release|Any CPU
		{22BF5962-B44D-4B4E-955E-29D5A2FD4739}.Release|iPhoneSimulator.Build.0 = Release|Any CPU
	EndGlobalSection
	GlobalSection(SolutionProperties) = preSolution
		HideSolutionNode = FALSE
	EndGlobalSection
	GlobalSection(ExtensibilityGlobals) = postSolution
		SolutionGuid = {0CC9D7D8-090F-418A-8094-90B365C2A7A8}
	EndGlobalSection
EndGlobal
